// !$*UTF8*$!
{
	archiveVersion = 1;
	classes = {
	};
	objectVersion = 56;
	objects = {

/* Begin PBXBuildFile section */
		EF0ED1CD29B22E5400F6C284 /* AppDelegate.swift in Sources */ = {isa = PBXBuildFile; fileRef = EF0ED1CC29B22E5400F6C284 /* AppDelegate.swift */; };
		EF0ED1CF29B22E5400F6C284 /* SceneDelegate.swift in Sources */ = {isa = PBXBuildFile; fileRef = EF0ED1CE29B22E5400F6C284 /* SceneDelegate.swift */; };
		EF0ED1D129B22E5400F6C284 /* ViewController.swift in Sources */ = {isa = PBXBuildFile; fileRef = EF0ED1D029B22E5400F6C284 /* ViewController.swift */; };
		EF0ED1D429B22E5400F6C284 /* Main.storyboard in Resources */ = {isa = PBXBuildFile; fileRef = EF0ED1D229B22E5400F6C284 /* Main.storyboard */; };
		EF0ED1D629B22E5400F6C284 /* Assets.xcassets in Resources */ = {isa = PBXBuildFile; fileRef = EF0ED1D529B22E5400F6C284 /* Assets.xcassets */; };
		EF0ED1D929B22E5400F6C284 /* LaunchScreen.storyboard in Resources */ = {isa = PBXBuildFile; fileRef = EF0ED1D729B22E5400F6C284 /* LaunchScreen.storyboard */; };
		EF0ED1E129B22FE300F6C284 /* Petition.swift in Sources */ = {isa = PBXBuildFile; fileRef = EF0ED1E029B22FE300F6C284 /* Petition.swift */; };
		EF0ED1E329B2300B00F6C284 /* Petitions.swift in Sources */ = {isa = PBXBuildFile; fileRef = EF0ED1E229B2300B00F6C284 /* Petitions.swift */; };
		EF0ED1E529B231F400F6C284 /* DetailViewController.swift in Sources */ = {isa = PBXBuildFile; fileRef = EF0ED1E429B231F400F6C284 /* DetailViewController.swift */; };
/* End PBXBuildFile section */

/* Begin PBXFileReference section */
		EF0ED1C929B22E5400F6C284 /* WhitehousePetitions.app */ = {isa = PBXFileReference; explicitFileType = wrapper.application; includeInIndex = 0; path = WhitehousePetitions.app; sourceTree = BUILT_PRODUCTS_DIR; };
		EF0ED1CC29B22E5400F6C284 /* AppDelegate.swift */ = {isa = PBXFileReference; lastKnownFileType = sourcecode.swift; path = AppDelegate.swift; sourceTree = "<group>"; };
		EF0ED1CE29B22E5400F6C284 /* SceneDelegate.swift */ = {isa = PBXFileReference; lastKnownFileType = sourcecode.swift; path = SceneDelegate.swift; sourceTree = "<group>"; };
		EF0ED1D029B22E5400F6C284 /* ViewController.swift */ = {isa = PBXFileReference; lastKnownFileType = sourcecode.swift; path = ViewController.swift; sourceTree = "<group>"; };
		EF0ED1D329B22E5400F6C284 /* Base */ = {isa = PBXFileReference; lastKnownFileType = file.storyboard; name = Base; path = Base.lproj/Main.storyboard; sourceTree = "<group>"; };
		EF0ED1D529B22E5400F6C284 /* Assets.xcassets */ = {isa = PBXFileReference; lastKnownFileType = folder.assetcatalog; path = Assets.xcassets; sourceTree = "<group>"; };
		EF0ED1D829B22E5400F6C284 /* Base */ = {isa = PBXFileReference; lastKnownFileType = file.storyboard; name = Base; path = Base.lproj/LaunchScreen.storyboard; sourceTree = "<group>"; };
		EF0ED1DA29B22E5400F6C284 /* Info.plist */ = {isa = PBXFileReference; lastKnownFileType = text.plist.xml; path = Info.plist; sourceTree = "<group>"; };
		EF0ED1E029B22FE300F6C284 /* Petition.swift */ = {isa = PBXFileReference; lastKnownFileType = sourcecode.swift; path = Petition.swift; sourceTree = "<group>"; };
		EF0ED1E229B2300B00F6C284 /* Petitions.swift */ = {isa = PBXFileReference; lastKnownFileType = sourcecode.swift; path = Petitions.swift; sourceTree = "<group>"; };
		EF0ED1E429B231F400F6C284 /* DetailViewController.swift */ = {isa = PBXFileReference; lastKnownFileType = sourcecode.swift; path = DetailViewController.swift; sourceTree = "<group>"; };
/* End PBXFileReference section */

/* Begin PBXFrameworksBuildPhase section */
		EF0ED1C629B22E5400F6C284 /* Frameworks */ = {
			isa = PBXFrameworksBuildPhase;
			buildActionMask = 2147483647;
			files = (
			);
			runOnlyForDeploymentPostprocessing = 0;
		};
/* End PBXFrameworksBuildPhase section */

/* Begin PBXGroup section */
		EF0ED1C029B22E5400F6C284 = {
			isa = PBXGroup;
			children = (
				EF0ED1CB29B22E5400F6C284 /* WhitehousePetitions */,
				EF0ED1CA29B22E5400F6C284 /* Products */,
			);
			sourceTree = "<group>";
		};
		EF0ED1CA29B22E5400F6C284 /* Products */ = {
			isa = PBXGroup;
			children = (
				EF0ED1C929B22E5400F6C284 /* WhitehousePetitions.app */,
			);
			name = Products;
			sourceTree = "<group>";
		};
		EF0ED1CB29B22E5400F6C284 /* WhitehousePetitions */ = {
			isa = PBXGroup;
			children = (
				EF0ED1CC29B22E5400F6C284 /* AppDelegate.swift */,
				EF0ED1CE29B22E5400F6C284 /* SceneDelegate.swift */,
				EF0ED1D029B22E5400F6C284 /* ViewController.swift */,
				EF0ED1D229B22E5400F6C284 /* Main.storyboard */,
				EF0ED1D529B22E5400F6C284 /* Assets.xcassets */,
				EF0ED1D729B22E5400F6C284 /* LaunchScreen.storyboard */,
				EF0ED1DA29B22E5400F6C284 /* Info.plist */,
				EF0ED1E029B22FE300F6C284 /* Petition.swift */,
				EF0ED1E229B2300B00F6C284 /* Petitions.swift */,
				EF0ED1E429B231F400F6C284 /* DetailViewController.swift */,
			);
			path = WhitehousePetitions;
			sourceTree = "<group>";
		};
/* End PBXGroup section */

/* Begin PBXNativeTarget section */
		EF0ED1C829B22E5400F6C284 /* WhitehousePetitions */ = {
			isa = PBXNativeTarget;
			buildConfigurationList = EF0ED1DD29B22E5400F6C284 /* Build configuration list for PBXNativeTarget "WhitehousePetitions" */;
			buildPhases = (
				EF0ED1C529B22E5400F6C284 /* Sources */,
				EF0ED1C629B22E5400F6C284 /* Frameworks */,
				EF0ED1C729B22E5400F6C284 /* Resources */,
			);
			buildRules = (
			);
			dependencies = (
			);
			name = WhitehousePetitions;
			productName = WhitehousePetitions;
			productReference = EF0ED1C929B22E5400F6C284 /* WhitehousePetitions.app */;
			productType = "com.apple.product-type.application";
		};
/* End PBXNativeTarget section */

/* Begin PBXProject section */
		EF0ED1C129B22E5400F6C284 /* Project object */ = {
			isa = PBXProject;
			attributes = {
				BuildIndependentTargetsInParallel = 1;
				LastSwiftUpdateCheck = 1420;
				LastUpgradeCheck = 1420;
				TargetAttributes = {
					EF0ED1C829B22E5400F6C284 = {
						CreatedOnToolsVersion = 14.2;
					};
				};
			};
			buildConfigurationList = EF0ED1C429B22E5400F6C284 /* Build configuration list for PBXProject "WhitehousePetitions" */;
			compatibilityVersion = "Xcode 14.0";
			developmentRegion = en;
			hasScannedForEncodings = 0;
			knownRegions = (
				en,
				Base,
			);
			mainGroup = EF0ED1C029B22E5400F6C284;
			productRefGroup = EF0ED1CA29B22E5400F6C284 /* Products */;
			projectDirPath = "";
			projectRoot = "";
			targets = (
				EF0ED1C829B22E5400F6C284 /* WhitehousePetitions */,
			);
		};
/* End PBXProject section */

/* Begin PBXResourcesBuildPhase section */
		EF0ED1C729B22E5400F6C284 /* Resources */ = {
			isa = PBXResourcesBuildPhase;
			buildActionMask = 2147483647;
			files = (
				EF0ED1D929B22E5400F6C284 /* LaunchScreen.storyboard in Resources */,
				EF0ED1D629B22E5400F6C284 /* Assets.xcassets in Resources */,
				EF0ED1D429B22E5400F6C284 /* Main.storyboard in Resources */,
			);
			runOnlyForDeploymentPostprocessing = 0;
		};
/* End PBXResourcesBuildPhase section */

/* Begin PBXSourcesBuildPhase section */
		EF0ED1C529B22E5400F6C284 /* Sources */ = {
			isa = PBXSourcesBuildPhase;
			buildActionMask = 2147483647;
			files = (
				EF0ED1D129B22E5400F6C284 /* ViewController.swift in Sources */,
				EF0ED1E129B22FE300F6C284 /* Petition.swift in Sources */,
				EF0ED1CD29B22E5400F6C284 /* AppDelegate.swift in Sources */,
				EF0ED1E529B231F400F6C284 /* DetailViewController.swift in Sources */,
				EF0ED1CF29B22E5400F6C284 /* SceneDelegate.swift in Sources */,
				EF0ED1E329B2300B00F6C284 /* Petitions.swift in Sources */,
			);
			runOnlyForDeploymentPostprocessing = 0;
		};
/* End PBXSourcesBuildPhase section */

/* Begin PBXVariantGroup section */
		EF0ED1D229B22E5400F6C284 /* Main.storyboard */ = {
			isa = PBXVariantGroup;
			children = (
				EF0ED1D329B22E5400F6C284 /* Base */,
			);
			name = Main.storyboard;
			sourceTree = "<group>";
		};
		EF0ED1D729B22E5400F6C284 /* LaunchScreen.storyboard */ = {
			isa = PBXVariantGroup;
			children = (
				EF0ED1D829B22E5400F6C284 /* Base */,
			);
			name = LaunchScreen.storyboard;
			sourceTree = "<group>";
		};
/* End PBXVariantGroup section */

/* Begin XCBuildConfiguration section */
		EF0ED1DB29B22E5400F6C284 /* Debug */ = {
			isa = XCBuildConfiguration;
			buildSettings = {
				ALWAYS_SEARCH_USER_PATHS = NO;
				CLANG_ANALYZER_NONNULL = YES;
				CLANG_ANALYZER_NUMBER_OBJECT_CONVERSION = YES_AGGRESSIVE;
				CLANG_CXX_LANGUAGE_STANDARD = "gnu++20";
				CLANG_ENABLE_MODULES = YES;
				CLANG_ENABLE_OBJC_ARC = YES;
				CLANG_ENABLE_OBJC_WEAK = YES;
				CLANG_WARN_BLOCK_CAPTURE_AUTORELEASING = YES;
				CLANG_WARN_BOOL_CONVERSION = YES;
				CLANG_WARN_COMMA = YES;
				CLANG_WARN_CONSTANT_CONVERSION = YES;
				CLANG_WARN_DEPRECATED_OBJC_IMPLEMENTATIONS = YES;
				CLANG_WARN_DIRECT_OBJC_ISA_USAGE = YES_ERROR;
				CLANG_WARN_DOCUMENTATION_COMMENTS = YES;
				CLANG_WARN_EMPTY_BODY = YES;
				CLANG_WARN_ENUM_CONVERSION = YES;
				CLANG_WARN_INFINITE_RECURSION = YES;
				CLANG_WARN_INT_CONVERSION = YES;
				CLANG_WARN_NON_LITERAL_NULL_CONVERSION = YES;
				CLANG_WARN_OBJC_IMPLICIT_RETAIN_SELF = YES;
				CLANG_WARN_OBJC_LITERAL_CONVERSION = YES;
				CLANG_WARN_OBJC_ROOT_CLASS = YES_ERROR;
				CLANG_WARN_QUOTED_INCLUDE_IN_FRAMEWORK_HEADER = YES;
				CLANG_WARN_RANGE_LOOP_ANALYSIS = YES;
				CLANG_WARN_STRICT_PROTOTYPES = YES;
				CLANG_WARN_SUSPICIOUS_MOVE = YES;
				CLANG_WARN_UNGUARDED_AVAILABILITY = YES_AGGRESSIVE;
				CLANG_WARN_UNREACHABLE_CODE = YES;
				CLANG_WARN__DUPLICATE_METHOD_MATCH = YES;
				COPY_PHASE_STRIP = NO;
				DEBUG_INFORMATION_FORMAT = dwarf;
				ENABLE_STRICT_OBJC_MSGSEND = YES;
				ENABLE_TESTABILITY = YES;
				GCC_C_LANGUAGE_STANDARD = gnu11;
				GCC_DYNAMIC_NO_PIC = NO;
				GCC_NO_COMMON_BLOCKS = YES;
				GCC_OPTIMIZATION_LEVEL = 0;
				GCC_PREPROCESSOR_DEFINITIONS = (
					"DEBUG=1",
					"$(inherited)",
				);
				GCC_WARN_64_TO_32_BIT_CONVERSION = YES;
				GCC_WARN_ABOUT_RETURN_TYPE = YES_ERROR;
				GCC_WARN_UNDECLARED_SELECTOR = YES;
				GCC_WARN_UNINITIALIZED_AUTOS = YES_AGGRESSIVE;
				GCC_WARN_UNUSED_FUNCTION = YES;
				GCC_WARN_UNUSED_VARIABLE = YES;
				IPHONEOS_DEPLOYMENT_TARGET = 16.2;
				MTL_ENABLE_DEBUG_INFO = INCLUDE_SOURCE;
				MTL_FAST_MATH = YES;
				ONLY_ACTIVE_ARCH = YES;
				SDKROOT = iphoneos;
				SWIFT_ACTIVE_COMPILATION_CONDITIONS = DEBUG;
				SWIFT_OPTIMIZATION_LEVEL = "-Onone";
			};
			name = Debug;
		};
		EF0ED1DC29B22E5400F6C284 /* Release */ = {
			isa = XCBuildConfiguration;
			buildSettings = {
				ALWAYS_SEARCH_USER_PATHS = NO;
				CLANG_ANALYZER_NONNULL = YES;
				CLANG_ANALYZER_NUMBER_OBJECT_CONVERSION = YES_AGGRESSIVE;
				CLANG_CXX_LANGUAGE_STANDARD = "gnu++20";
				CLANG_ENABLE_MODULES = YES;
				CLANG_ENABLE_OBJC_ARC = YES;
				CLANG_ENABLE_OBJC_WEAK = YES;
				CLANG_WARN_BLOCK_CAPTURE_AUTORELEASING = YES;
				CLANG_WARN_BOOL_CONVERSION = YES;
				CLANG_WARN_COMMA = YES;
				CLANG_WARN_CONSTANT_CONVERSION = YES;
				CLANG_WARN_DEPRECATED_OBJC_IMPLEMENTATIONS = YES;
				CLANG_WARN_DIRECT_OBJC_ISA_USAGE = YES_ERROR;
				CLANG_WARN_DOCUMENTATION_COMMENTS = YES;
				CLANG_WARN_EMPTY_BODY = YES;
				CLANG_WARN_ENUM_CONVERSION = YES;
				CLANG_WARN_INFINITE_RECURSION = YES;
				CLANG_WARN_INT_CONVERSION = YES;
				CLANG_WARN_NON_LITERAL_NULL_CONVERSION = YES;
				CLANG_WARN_OBJC_IMPLICIT_RETAIN_SELF = YES;
				CLANG_WARN_OBJC_LITERAL_CONVERSION = YES;
				CLANG_WARN_OBJC_ROOT_CLASS = YES_ERROR;
				CLANG_WARN_QUOTED_INCLUDE_IN_FRAMEWORK_HEADER = YES;
				CLANG_WARN_RANGE_LOOP_ANALYSIS = YES;
				CLANG_WARN_STRICT_PROTOTYPES = YES;
				CLANG_WARN_SUSPICIOUS_MOVE = YES;
				CLANG_WARN_UNGUARDED_AVAILABILITY = YES_AGGRESSIVE;
				CLANG_WARN_UNREACHABLE_CODE = YES;
				CLANG_WARN__DUPLICATE_METHOD_MATCH = YES;
				COPY_PHASE_STRIP = NO;
				DEBUG_INFORMATION_FORMAT = "dwarf-with-dsym";
				ENABLE_NS_ASSERTIONS = NO;
				ENABLE_STRICT_OBJC_MSGSEND = YES;
				GCC_C_LANGUAGE_STANDARD = gnu11;
				GCC_NO_COMMON_BLOCKS = YES;
				GCC_WARN_64_TO_32_BIT_CONVERSION = YES;
				GCC_WARN_ABOUT_RETURN_TYPE = YES_ERROR;
				GCC_WARN_UNDECLARED_SELECTOR = YES;
				GCC_WARN_UNINITIALIZED_AUTOS = YES_AGGRESSIVE;
				GCC_WARN_UNUSED_FUNCTION = YES;
				GCC_WARN_UNUSED_VARIABLE = YES;
				IPHONEOS_DEPLOYMENT_TARGET = 16.2;
				MTL_ENABLE_DEBUG_INFO = NO;
				MTL_FAST_MATH = YES;
				SDKROOT = iphoneos;
				SWIFT_COMPILATION_MODE = wholemodule;
				SWIFT_OPTIMIZATION_LEVEL = "-O";
				VALIDATE_PRODUCT = YES;
			};
			name = Release;
		};
		EF0ED1DE29B22E5400F6C284 /* Debug */ = {
			isa = XCBuildConfiguration;
			buildSettings = {
				ASSETCATALOG_COMPILER_APPICON_NAME = AppIcon;
				ASSETCATALOG_COMPILER_GLOBAL_ACCENT_COLOR_NAME = AccentColor;
				CODE_SIGN_STYLE = Automatic;
				CURRENT_PROJECT_VERSION = 1;
				GENERATE_INFOPLIST_FILE = YES;
				INFOPLIST_FILE = WhitehousePetitions/Info.plist;
				INFOPLIST_KEY_UIApplicationSupportsIndirectInputEvents = YES;
				INFOPLIST_KEY_UILaunchStoryboardName = LaunchScreen;
				INFOPLIST_KEY_UIMainStoryboardFile = Main;
				INFOPLIST_KEY_UISupportedInterfaceOrientations_iPad = "UIInterfaceOrientationPortrait UIInterfaceOrientationPortraitUpsideDown UIInterfaceOrientationLandscapeLeft UIInterfaceOrientationLandscapeRight";
				INFOPLIST_KEY_UISupportedInterfaceOrientations_iPhone = "UIInterfaceOrientationPortrait UIInterfaceOrientationLandscapeLeft UIInterfaceOrientationLandscapeRight";
				LD_RUNPATH_SEARCH_PATHS = (
					"$(inherited)",
					"@executable_path/Frameworks",
				);
				MARKETING_VERSION = 1.0;
				PRODUCT_BUNDLE_IDENTIFIER = com.WhitehousePetitions;
				PRODUCT_NAME = "$(TARGET_NAME)";
				SWIFT_EMIT_LOC_STRINGS = YES;
				SWIFT_VERSION = 5.0;
				TARGETED_DEVICE_FAMILY = "1,2";
			};
			name = Debug;
		};
		EF0ED1DF29B22E5400F6C284 /* Release */ = {
			isa = XCBuildConfiguration;
			buildSettings = {
				ASSETCATALOG_COMPILER_APPICON_NAME = AppIcon;
				ASSETCATALOG_COMPILER_GLOBAL_ACCENT_COLOR_NAME = AccentColor;
				CODE_SIGN_STYLE = Automatic;
				CURRENT_PROJECT_VERSION = 1;
				GENERATE_INFOPLIST_FILE = YES;
				INFOPLIST_FILE = WhitehousePetitions/Info.plist;
				INFOPLIST_KEY_UIApplicationSupportsIndirectInputEvents = YES;
				INFOPLIST_KEY_UILaunchStoryboardName = LaunchScreen;
				INFOPLIST_KEY_UIMainStoryboardFile = Main;
				INFOPLIST_KEY_UISupportedInterfaceOrientations_iPad = "UIInterfaceOrientationPortrait UIInterfaceOrientationPortraitUpsideDown UIInterfaceOrientationLandscapeLeft UIInterfaceOrientationLandscapeRight";
				INFOPLIST_KEY_UISupportedInterfaceOrientations_iPhone = "UIInterfaceOrientationPortrait UIInterfaceOrientationLandscapeLeft UIInterfaceOrientationLandscapeRight";
				LD_RUNPATH_SEARCH_PATHS = (
					"$(inherited)",
					"@executable_path/Frameworks",
				);
				MARKETING_VERSION = 1.0;
				PRODUCT_BUNDLE_IDENTIFIER = com.WhitehousePetitions;
				PRODUCT_NAME = "$(TARGET_NAME)";
				SWIFT_EMIT_LOC_STRINGS = YES;
				SWIFT_VERSION = 5.0;
				TARGETED_DEVICE_FAMILY = "1,2";
			};
			name = Release;
		};
/* End XCBuildConfiguration section */

/* Begin XCConfigurationList section */
		EF0ED1C429B22E5400F6C284 /* Build configuration list for PBXProject "WhitehousePetitions" */ = {
			isa = XCConfigurationList;
			buildConfigurations = (
				EF0ED1DB29B22E5400F6C284 /* Debug */,
				EF0ED1DC29B22E5400F6C284 /* Release */,
			);
			defaultConfigurationIsVisible = 0;
			defaultConfigurationName = Release;
		};
		EF0ED1DD29B22E5400F6C284 /* Build configuration list for PBXNativeTarget "WhitehousePetitions" */ = {
			isa = XCConfigurationList;
			buildConfigurations = (
				EF0ED1DE29B22E5400F6C284 /* Debug */,
				EF0ED1DF29B22E5400F6C284 /* Release */,
			);
			defaultConfigurationIsVisible = 0;
			defaultConfigurationName = Release;
		};
/* End XCConfigurationList section */
	};
	rootObject = EF0ED1C129B22E5400F6C284 /* Project object */;
}
